// !$*UTF8*$!
{
	archiveVersion = 1;
	classes = {
	};
	objectVersion = 52;
	objects = {

/* Begin PBXBuildFile section */
		B640260723D1C13500F107CD /* AppCoordinator.swift in Sources */ = {isa = PBXBuildFile; fileRef = B640260623D1C13500F107CD /* AppCoordinator.swift */; };
		B640260A23D1C38900F107CD /* UIViewController+StoryboardInstantiation.swift in Sources */ = {isa = PBXBuildFile; fileRef = B640260923D1C38900F107CD /* UIViewController+StoryboardInstantiation.swift */; };
		B640260D23D1C5E100F107CD /* RxSwift in Frameworks */ = {isa = PBXBuildFile; productRef = B640260C23D1C5E100F107CD /* RxSwift */; };
		B640260F23D1C5E100F107CD /* RxCocoa in Frameworks */ = {isa = PBXBuildFile; productRef = B640260E23D1C5E100F107CD /* RxCocoa */; };
		B640261323D1C6CA00F107CD /* Localizable.strings in Resources */ = {isa = PBXBuildFile; fileRef = B640261223D1C6CA00F107CD /* Localizable.strings */; };
		B640261923D1C98400F107CD /* PMJSON.framework in Frameworks */ = {isa = PBXBuildFile; fileRef = B640261723D1C98400F107CD /* PMJSON.framework */; };
		B640261A23D1C98400F107CD /* PMJSON.framework in Embed Frameworks */ = {isa = PBXBuildFile; fileRef = B640261723D1C98400F107CD /* PMJSON.framework */; settings = {ATTRIBUTES = (CodeSignOnCopy, RemoveHeadersOnCopy, ); }; };
		B640261B23D1C98400F107CD /* PMHTTP.framework in Frameworks */ = {isa = PBXBuildFile; fileRef = B640261823D1C98400F107CD /* PMHTTP.framework */; };
		B640261C23D1C98400F107CD /* PMHTTP.framework in Embed Frameworks */ = {isa = PBXBuildFile; fileRef = B640261823D1C98400F107CD /* PMHTTP.framework */; settings = {ATTRIBUTES = (CodeSignOnCopy, RemoveHeadersOnCopy, ); }; };
		B640262323D1CA0000F107CD /* NetworkLayer.swift in Sources */ = {isa = PBXBuildFile; fileRef = B640262223D1CA0000F107CD /* NetworkLayer.swift */; };
		B640262523D1CA0E00F107CD /* ServerRequestConfig.swift in Sources */ = {isa = PBXBuildFile; fileRef = B640262423D1CA0E00F107CD /* ServerRequestConfig.swift */; };
		B640262723D1CA1600F107CD /* ServerRequestMaker.swift in Sources */ = {isa = PBXBuildFile; fileRef = B640262623D1CA1600F107CD /* ServerRequestMaker.swift */; };
		B640262C23D1CCA100F107CD /* Flickr.swift in Sources */ = {isa = PBXBuildFile; fileRef = B640262B23D1CCA100F107CD /* Flickr.swift */; };
		B640263123D1D2E500F107CD /* HomeViewModel.swift in Sources */ = {isa = PBXBuildFile; fileRef = B640263023D1D2E500F107CD /* HomeViewModel.swift */; };
		B650294723D2019E00B248B8 /* BaseCell.swift in Sources */ = {isa = PBXBuildFile; fileRef = B650294623D2019E00B248B8 /* BaseCell.swift */; };
		B650294A23D2025400B248B8 /* UICollectionView+CellReuse.swift in Sources */ = {isa = PBXBuildFile; fileRef = B650294923D2025400B248B8 /* UICollectionView+CellReuse.swift */; };
		B650294E23D204CF00B248B8 /* PhotoCell.swift in Sources */ = {isa = PBXBuildFile; fileRef = B650294C23D204CF00B248B8 /* PhotoCell.swift */; };
		B650294F23D204CF00B248B8 /* PhotoCell.xib in Resources */ = {isa = PBXBuildFile; fileRef = B650294D23D204CF00B248B8 /* PhotoCell.xib */; };
		B650295423D205E800B248B8 /* Nuke in Frameworks */ = {isa = PBXBuildFile; productRef = B650295323D205E800B248B8 /* Nuke */; };
		B650295823D212C900B248B8 /* PhotoDetailViewController.swift in Sources */ = {isa = PBXBuildFile; fileRef = B650295723D212C900B248B8 /* PhotoDetailViewController.swift */; };
		B650295A23D2144800B248B8 /* PhotoDetailViewController.storyboard in Resources */ = {isa = PBXBuildFile; fileRef = B650295923D2144800B248B8 /* PhotoDetailViewController.storyboard */; };
		B650295D23D2155300B248B8 /* PhotoDetailViewModel.swift in Sources */ = {isa = PBXBuildFile; fileRef = B650295C23D2155300B248B8 /* PhotoDetailViewModel.swift */; };
		B6676E0A23D1E7AF00B36137 /* FlickrPhotoResponse.swift in Sources */ = {isa = PBXBuildFile; fileRef = B6676E0923D1E7AF00B36137 /* FlickrPhotoResponse.swift */; };
		B6676E0E23D1EA7800B36137 /* FlickrPhoto.swift in Sources */ = {isa = PBXBuildFile; fileRef = B6676E0D23D1EA7800B36137 /* FlickrPhoto.swift */; };
		B67F730723D348CC00712DCE /* UIView+StandardAnimations.swift in Sources */ = {isa = PBXBuildFile; fileRef = B67F730623D348CC00712DCE /* UIView+StandardAnimations.swift */; };
		B67F730923D351D900712DCE /* FlickrMockResponse.json in Resources */ = {isa = PBXBuildFile; fileRef = B67F730823D351D900712DCE /* FlickrMockResponse.json */; };
		B682EF8623D1BC0D00F4F50D /* AppDelegate.swift in Sources */ = {isa = PBXBuildFile; fileRef = B682EF8523D1BC0D00F4F50D /* AppDelegate.swift */; };
		B682EF8823D1BC0D00F4F50D /* SceneDelegate.swift in Sources */ = {isa = PBXBuildFile; fileRef = B682EF8723D1BC0D00F4F50D /* SceneDelegate.swift */; };
		B682EF8A23D1BC0D00F4F50D /* HomeViewController.swift in Sources */ = {isa = PBXBuildFile; fileRef = B682EF8923D1BC0D00F4F50D /* HomeViewController.swift */; };
		B682EF8F23D1BC0E00F4F50D /* Assets.xcassets in Resources */ = {isa = PBXBuildFile; fileRef = B682EF8E23D1BC0E00F4F50D /* Assets.xcassets */; };
		B682EF9223D1BC0E00F4F50D /* LaunchScreen.storyboard in Resources */ = {isa = PBXBuildFile; fileRef = B682EF9023D1BC0E00F4F50D /* LaunchScreen.storyboard */; };
		B682EF9D23D1BC0F00F4F50D /* Verb_ChallengeTests.swift in Sources */ = {isa = PBXBuildFile; fileRef = B682EF9C23D1BC0F00F4F50D /* Verb_ChallengeTests.swift */; };
		B682EFAF23D1BEFD00F4F50D /* HomeViewController.storyboard in Resources */ = {isa = PBXBuildFile; fileRef = B682EFAE23D1BEFD00F4F50D /* HomeViewController.storyboard */; };
		B68C70E723D2230C00579BCD /* RealmSwift in Frameworks */ = {isa = PBXBuildFile; productRef = B68C70E623D2230C00579BCD /* RealmSwift */; };
		B68C70EA23D2240B00579BCD /* PhotoStorage.swift in Sources */ = {isa = PBXBuildFile; fileRef = B68C70E923D2240B00579BCD /* PhotoStorage.swift */; };
		B68C70ED23D2256F00579BCD /* StorablePhoto.swift in Sources */ = {isa = PBXBuildFile; fileRef = B68C70EC23D2256F00579BCD /* StorablePhoto.swift */; };
		B68C70F223D2451100579BCD /* OfflineIndicator.swift in Sources */ = {isa = PBXBuildFile; fileRef = B68C70F123D2451100579BCD /* OfflineIndicator.swift */; };
		B68C70F423D2451700579BCD /* OfflineIndicator.xib in Resources */ = {isa = PBXBuildFile; fileRef = B68C70F323D2451700579BCD /* OfflineIndicator.xib */; };
		B68C70F823D246C900579BCD /* AutoLayoutXIB.swift in Sources */ = {isa = PBXBuildFile; fileRef = B68C70F723D246C900579BCD /* AutoLayoutXIB.swift */; };
		B68C70FC23D2477C00579BCD /* UIView+LoadFromNIB.swift in Sources */ = {isa = PBXBuildFile; fileRef = B68C70FB23D2477C00579BCD /* UIView+LoadFromNIB.swift */; };
		B68C70FE23D2487B00579BCD /* UIView+Constraints.swift in Sources */ = {isa = PBXBuildFile; fileRef = B68C70FD23D2487B00579BCD /* UIView+Constraints.swift */; };
		B68C710323D24C7A00579BCD /* TapFeedbackButton.swift in Sources */ = {isa = PBXBuildFile; fileRef = B68C710223D24C7A00579BCD /* TapFeedbackButton.swift */; };
		B68F722B23D32953003CCCC0 /* CustomNavigationController.swift in Sources */ = {isa = PBXBuildFile; fileRef = B68F722A23D32953003CCCC0 /* CustomNavigationController.swift */; };
		B68F723523D33CCA003CCCC0 /* HomeLayoutUpdater.swift in Sources */ = {isa = PBXBuildFile; fileRef = B68F723423D33CCA003CCCC0 /* HomeLayoutUpdater.swift */; };
		B69F60C323D1D45F006A4005 /* HomeService.swift in Sources */ = {isa = PBXBuildFile; fileRef = B69F60C223D1D45F006A4005 /* HomeService.swift */; };
		B69F60C823D1DF04006A4005 /* Photo.swift in Sources */ = {isa = PBXBuildFile; fileRef = B69F60C723D1DF04006A4005 /* Photo.swift */; };
/* End PBXBuildFile section */

/* Begin PBXContainerItemProxy section */
		B682EF9923D1BC0F00F4F50D /* PBXContainerItemProxy */ = {
			isa = PBXContainerItemProxy;
			containerPortal = B682EF7A23D1BC0D00F4F50D /* Project object */;
			proxyType = 1;
			remoteGlobalIDString = B682EF8123D1BC0D00F4F50D;
			remoteInfo = "Verb Challenge";
		};
/* End PBXContainerItemProxy section */

/* Begin PBXCopyFilesBuildPhase section */
		B640261D23D1C98400F107CD /* Embed Frameworks */ = {
			isa = PBXCopyFilesBuildPhase;
			buildActionMask = 2147483647;
			dstPath = "";
			dstSubfolderSpec = 10;
			files = (
				B640261A23D1C98400F107CD /* PMJSON.framework in Embed Frameworks */,
				B640261C23D1C98400F107CD /* PMHTTP.framework in Embed Frameworks */,
			);
			name = "Embed Frameworks";
			runOnlyForDeploymentPostprocessing = 0;
		};
/* End PBXCopyFilesBuildPhase section */

/* Begin PBXFileReference section */
		B640260623D1C13500F107CD /* AppCoordinator.swift */ = {isa = PBXFileReference; lastKnownFileType = sourcecode.swift; path = AppCoordinator.swift; sourceTree = "<group>"; };
		B640260923D1C38900F107CD /* UIViewController+StoryboardInstantiation.swift */ = {isa = PBXFileReference; lastKnownFileType = sourcecode.swift; path = "UIViewController+StoryboardInstantiation.swift"; sourceTree = "<group>"; };
		B640261223D1C6CA00F107CD /* Localizable.strings */ = {isa = PBXFileReference; lastKnownFileType = text.plist.strings; path = Localizable.strings; sourceTree = "<group>"; };
		B640261723D1C98400F107CD /* PMJSON.framework */ = {isa = PBXFileReference; lastKnownFileType = wrapper.framework; name = PMJSON.framework; path = Carthage/Build/iOS/PMJSON.framework; sourceTree = "<group>"; };
		B640261823D1C98400F107CD /* PMHTTP.framework */ = {isa = PBXFileReference; lastKnownFileType = wrapper.framework; name = PMHTTP.framework; path = Carthage/Build/iOS/PMHTTP.framework; sourceTree = "<group>"; };
		B640262223D1CA0000F107CD /* NetworkLayer.swift */ = {isa = PBXFileReference; lastKnownFileType = sourcecode.swift; path = NetworkLayer.swift; sourceTree = "<group>"; };
		B640262423D1CA0E00F107CD /* ServerRequestConfig.swift */ = {isa = PBXFileReference; lastKnownFileType = sourcecode.swift; path = ServerRequestConfig.swift; sourceTree = "<group>"; };
		B640262623D1CA1600F107CD /* ServerRequestMaker.swift */ = {isa = PBXFileReference; lastKnownFileType = sourcecode.swift; path = ServerRequestMaker.swift; sourceTree = "<group>"; };
		B640262B23D1CCA100F107CD /* Flickr.swift */ = {isa = PBXFileReference; lastKnownFileType = sourcecode.swift; path = Flickr.swift; sourceTree = "<group>"; };
		B640263023D1D2E500F107CD /* HomeViewModel.swift */ = {isa = PBXFileReference; lastKnownFileType = sourcecode.swift; path = HomeViewModel.swift; sourceTree = "<group>"; };
		B650294623D2019E00B248B8 /* BaseCell.swift */ = {isa = PBXFileReference; lastKnownFileType = sourcecode.swift; path = BaseCell.swift; sourceTree = "<group>"; };
		B650294923D2025400B248B8 /* UICollectionView+CellReuse.swift */ = {isa = PBXFileReference; lastKnownFileType = sourcecode.swift; path = "UICollectionView+CellReuse.swift"; sourceTree = "<group>"; };
		B650294C23D204CF00B248B8 /* PhotoCell.swift */ = {isa = PBXFileReference; lastKnownFileType = sourcecode.swift; path = PhotoCell.swift; sourceTree = "<group>"; };
		B650294D23D204CF00B248B8 /* PhotoCell.xib */ = {isa = PBXFileReference; lastKnownFileType = file.xib; path = PhotoCell.xib; sourceTree = "<group>"; };
		B650295723D212C900B248B8 /* PhotoDetailViewController.swift */ = {isa = PBXFileReference; lastKnownFileType = sourcecode.swift; path = PhotoDetailViewController.swift; sourceTree = "<group>"; };
		B650295923D2144800B248B8 /* PhotoDetailViewController.storyboard */ = {isa = PBXFileReference; lastKnownFileType = file.storyboard; path = PhotoDetailViewController.storyboard; sourceTree = "<group>"; };
		B650295C23D2155300B248B8 /* PhotoDetailViewModel.swift */ = {isa = PBXFileReference; lastKnownFileType = sourcecode.swift; path = PhotoDetailViewModel.swift; sourceTree = "<group>"; };
		B6676E0923D1E7AF00B36137 /* FlickrPhotoResponse.swift */ = {isa = PBXFileReference; lastKnownFileType = sourcecode.swift; path = FlickrPhotoResponse.swift; sourceTree = "<group>"; };
		B6676E0D23D1EA7800B36137 /* FlickrPhoto.swift */ = {isa = PBXFileReference; lastKnownFileType = sourcecode.swift; path = FlickrPhoto.swift; sourceTree = "<group>"; };
		B67F730623D348CC00712DCE /* UIView+StandardAnimations.swift */ = {isa = PBXFileReference; lastKnownFileType = sourcecode.swift; path = "UIView+StandardAnimations.swift"; sourceTree = "<group>"; };
		B67F730823D351D900712DCE /* FlickrMockResponse.json */ = {isa = PBXFileReference; fileEncoding = 4; lastKnownFileType = text.json; path = FlickrMockResponse.json; sourceTree = "<group>"; };
		B682EF8223D1BC0D00F4F50D /* Verb Challenge.app */ = {isa = PBXFileReference; explicitFileType = wrapper.application; includeInIndex = 0; path = "Verb Challenge.app"; sourceTree = BUILT_PRODUCTS_DIR; };
		B682EF8523D1BC0D00F4F50D /* AppDelegate.swift */ = {isa = PBXFileReference; lastKnownFileType = sourcecode.swift; path = AppDelegate.swift; sourceTree = "<group>"; };
		B682EF8723D1BC0D00F4F50D /* SceneDelegate.swift */ = {isa = PBXFileReference; lastKnownFileType = sourcecode.swift; path = SceneDelegate.swift; sourceTree = "<group>"; };
		B682EF8923D1BC0D00F4F50D /* HomeViewController.swift */ = {isa = PBXFileReference; lastKnownFileType = sourcecode.swift; path = HomeViewController.swift; sourceTree = "<group>"; };
		B682EF8E23D1BC0E00F4F50D /* Assets.xcassets */ = {isa = PBXFileReference; lastKnownFileType = folder.assetcatalog; path = Assets.xcassets; sourceTree = "<group>"; };
		B682EF9123D1BC0E00F4F50D /* Base */ = {isa = PBXFileReference; lastKnownFileType = file.storyboard; name = Base; path = Base.lproj/LaunchScreen.storyboard; sourceTree = "<group>"; };
		B682EF9323D1BC0E00F4F50D /* Info.plist */ = {isa = PBXFileReference; lastKnownFileType = text.plist.xml; path = Info.plist; sourceTree = "<group>"; };
		B682EF9823D1BC0F00F4F50D /* Verb ChallengeTests.xctest */ = {isa = PBXFileReference; explicitFileType = wrapper.cfbundle; includeInIndex = 0; path = "Verb ChallengeTests.xctest"; sourceTree = BUILT_PRODUCTS_DIR; };
		B682EF9C23D1BC0F00F4F50D /* Verb_ChallengeTests.swift */ = {isa = PBXFileReference; lastKnownFileType = sourcecode.swift; path = Verb_ChallengeTests.swift; sourceTree = "<group>"; };
		B682EF9E23D1BC0F00F4F50D /* Info.plist */ = {isa = PBXFileReference; lastKnownFileType = text.plist.xml; path = Info.plist; sourceTree = "<group>"; };
		B682EFAE23D1BEFD00F4F50D /* HomeViewController.storyboard */ = {isa = PBXFileReference; lastKnownFileType = file.storyboard; path = HomeViewController.storyboard; sourceTree = "<group>"; };
		B68C70E923D2240B00579BCD /* PhotoStorage.swift */ = {isa = PBXFileReference; lastKnownFileType = sourcecode.swift; path = PhotoStorage.swift; sourceTree = "<group>"; };
		B68C70EC23D2256F00579BCD /* StorablePhoto.swift */ = {isa = PBXFileReference; lastKnownFileType = sourcecode.swift; path = StorablePhoto.swift; sourceTree = "<group>"; };
		B68C70F123D2451100579BCD /* OfflineIndicator.swift */ = {isa = PBXFileReference; lastKnownFileType = sourcecode.swift; path = OfflineIndicator.swift; sourceTree = "<group>"; };
		B68C70F323D2451700579BCD /* OfflineIndicator.xib */ = {isa = PBXFileReference; lastKnownFileType = file.xib; path = OfflineIndicator.xib; sourceTree = "<group>"; };
		B68C70F723D246C900579BCD /* AutoLayoutXIB.swift */ = {isa = PBXFileReference; lastKnownFileType = sourcecode.swift; path = AutoLayoutXIB.swift; sourceTree = "<group>"; };
		B68C70FB23D2477C00579BCD /* UIView+LoadFromNIB.swift */ = {isa = PBXFileReference; lastKnownFileType = sourcecode.swift; path = "UIView+LoadFromNIB.swift"; sourceTree = "<group>"; };
		B68C70FD23D2487B00579BCD /* UIView+Constraints.swift */ = {isa = PBXFileReference; lastKnownFileType = sourcecode.swift; path = "UIView+Constraints.swift"; sourceTree = "<group>"; };
		B68C710223D24C7A00579BCD /* TapFeedbackButton.swift */ = {isa = PBXFileReference; lastKnownFileType = sourcecode.swift; path = TapFeedbackButton.swift; sourceTree = "<group>"; };
		B68F722A23D32953003CCCC0 /* CustomNavigationController.swift */ = {isa = PBXFileReference; lastKnownFileType = sourcecode.swift; path = CustomNavigationController.swift; sourceTree = "<group>"; };
		B68F723423D33CCA003CCCC0 /* HomeLayoutUpdater.swift */ = {isa = PBXFileReference; lastKnownFileType = sourcecode.swift; path = HomeLayoutUpdater.swift; sourceTree = "<group>"; };
		B69F60C223D1D45F006A4005 /* HomeService.swift */ = {isa = PBXFileReference; lastKnownFileType = sourcecode.swift; path = HomeService.swift; sourceTree = "<group>"; };
		B69F60C723D1DF04006A4005 /* Photo.swift */ = {isa = PBXFileReference; lastKnownFileType = sourcecode.swift; path = Photo.swift; sourceTree = "<group>"; };
/* End PBXFileReference section */

/* Begin PBXFrameworksBuildPhase section */
		B682EF7F23D1BC0D00F4F50D /* Frameworks */ = {
			isa = PBXFrameworksBuildPhase;
			buildActionMask = 2147483647;
			files = (
				B68C70E723D2230C00579BCD /* RealmSwift in Frameworks */,
				B640260F23D1C5E100F107CD /* RxCocoa in Frameworks */,
				B640261B23D1C98400F107CD /* PMHTTP.framework in Frameworks */,
				B640260D23D1C5E100F107CD /* RxSwift in Frameworks */,
				B640261923D1C98400F107CD /* PMJSON.framework in Frameworks */,
				B650295423D205E800B248B8 /* Nuke in Frameworks */,
			);
			runOnlyForDeploymentPostprocessing = 0;
		};
		B682EF9523D1BC0F00F4F50D /* Frameworks */ = {
			isa = PBXFrameworksBuildPhase;
			buildActionMask = 2147483647;
			files = (
			);
			runOnlyForDeploymentPostprocessing = 0;
		};
/* End PBXFrameworksBuildPhase section */

/* Begin PBXGroup section */
		B640260523D1C12B00F107CD /* AppCoordinator */ = {
			isa = PBXGroup;
			children = (
				B640260623D1C13500F107CD /* AppCoordinator.swift */,
			);
			path = AppCoordinator;
			sourceTree = "<group>";
		};
		B640260823D1C37500F107CD /* ViewController */ = {
			isa = PBXGroup;
			children = (
				B640260923D1C38900F107CD /* UIViewController+StoryboardInstantiation.swift */,
			);
			path = ViewController;
			sourceTree = "<group>";
		};
		B640261623D1C98400F107CD /* Frameworks */ = {
			isa = PBXGroup;
			children = (
				B640261823D1C98400F107CD /* PMHTTP.framework */,
				B640261723D1C98400F107CD /* PMJSON.framework */,
			);
			name = Frameworks;
			sourceTree = "<group>";
		};
		B640261E23D1C9C400F107CD /* Server */ = {
			isa = PBXGroup;
			children = (
				B640262A23D1CC8E00F107CD /* Flickr */,
				B640261F23D1C9D600F107CD /* NetworkLayer */,
				B640262023D1C9E900F107CD /* RequestConfig */,
				B640262123D1C9F100F107CD /* RequestMaker */,
			);
			path = Server;
			sourceTree = "<group>";
		};
		B640261F23D1C9D600F107CD /* NetworkLayer */ = {
			isa = PBXGroup;
			children = (
				B640262223D1CA0000F107CD /* NetworkLayer.swift */,
			);
			path = NetworkLayer;
			sourceTree = "<group>";
		};
		B640262023D1C9E900F107CD /* RequestConfig */ = {
			isa = PBXGroup;
			children = (
				B640262423D1CA0E00F107CD /* ServerRequestConfig.swift */,
			);
			path = RequestConfig;
			sourceTree = "<group>";
		};
		B640262123D1C9F100F107CD /* RequestMaker */ = {
			isa = PBXGroup;
			children = (
				B640262623D1CA1600F107CD /* ServerRequestMaker.swift */,
			);
			path = RequestMaker;
			sourceTree = "<group>";
		};
		B640262A23D1CC8E00F107CD /* Flickr */ = {
			isa = PBXGroup;
			children = (
				B640262B23D1CCA100F107CD /* Flickr.swift */,
			);
			path = Flickr;
			sourceTree = "<group>";
		};
		B640262E23D1D2CF00F107CD /* ViewModels */ = {
			isa = PBXGroup;
			children = (
				B640262F23D1D2DC00F107CD /* Home */,
				B650295B23D2154700B248B8 /* PhotoDetail */,
			);
			path = ViewModels;
			sourceTree = "<group>";
		};
		B640262F23D1D2DC00F107CD /* Home */ = {
			isa = PBXGroup;
			children = (
				B640263023D1D2E500F107CD /* HomeViewModel.swift */,
			);
			path = Home;
			sourceTree = "<group>";
		};
		B650293B23D1FF8500B248B8 /* Views */ = {
			isa = PBXGroup;
			children = (
				B68C70F623D246A900579BCD /* AutoLayoutXIB */,
				B68C710123D24C5F00579BCD /* Buttons */,
				B650294423D2019400B248B8 /* Cells */,
				B68C70F023D244FB00579BCD /* OfflineIndicator */,
			);
			path = Views;
			sourceTree = "<group>";
		};
		B650294423D2019400B248B8 /* Cells */ = {
			isa = PBXGroup;
			children = (
				B650294523D2019700B248B8 /* Base */,
				B650294B23D204B200B248B8 /* PhotoCell */,
			);
			path = Cells;
			sourceTree = "<group>";
		};
		B650294523D2019700B248B8 /* Base */ = {
			isa = PBXGroup;
			children = (
				B650294623D2019E00B248B8 /* BaseCell.swift */,
			);
			path = Base;
			sourceTree = "<group>";
		};
		B650294823D2023500B248B8 /* CollectionView */ = {
			isa = PBXGroup;
			children = (
				B650294923D2025400B248B8 /* UICollectionView+CellReuse.swift */,
			);
			path = CollectionView;
			sourceTree = "<group>";
		};
		B650294B23D204B200B248B8 /* PhotoCell */ = {
			isa = PBXGroup;
			children = (
				B650294C23D204CF00B248B8 /* PhotoCell.swift */,
				B650294D23D204CF00B248B8 /* PhotoCell.xib */,
			);
			path = PhotoCell;
			sourceTree = "<group>";
		};
		B650295623D212BD00B248B8 /* PhotoDetail */ = {
			isa = PBXGroup;
			children = (
				B650295923D2144800B248B8 /* PhotoDetailViewController.storyboard */,
				B650295723D212C900B248B8 /* PhotoDetailViewController.swift */,
			);
			path = PhotoDetail;
			sourceTree = "<group>";
		};
		B650295B23D2154700B248B8 /* PhotoDetail */ = {
			isa = PBXGroup;
			children = (
				B650295C23D2155300B248B8 /* PhotoDetailViewModel.swift */,
			);
			path = PhotoDetail;
			sourceTree = "<group>";
		};
		B6676E0823D1E7A200B36137 /* FlickrPhotoResponse */ = {
			isa = PBXGroup;
			children = (
				B6676E0923D1E7AF00B36137 /* FlickrPhotoResponse.swift */,
			);
			path = FlickrPhotoResponse;
			sourceTree = "<group>";
		};
		B6676E0C23D1EA6900B36137 /* FlickrPhoto */ = {
			isa = PBXGroup;
			children = (
				B6676E0D23D1EA7800B36137 /* FlickrPhoto.swift */,
			);
			path = FlickrPhoto;
			sourceTree = "<group>";
		};
		B682EF7923D1BC0D00F4F50D = {
			isa = PBXGroup;
			children = (
				B682EF8423D1BC0D00F4F50D /* Verb Challenge */,
				B682EF9B23D1BC0F00F4F50D /* Verb ChallengeTests */,
				B682EF8323D1BC0D00F4F50D /* Products */,
				B640261623D1C98400F107CD /* Frameworks */,
			);
			sourceTree = "<group>";
		};
		B682EF8323D1BC0D00F4F50D /* Products */ = {
			isa = PBXGroup;
			children = (
				B682EF8223D1BC0D00F4F50D /* Verb Challenge.app */,
				B682EF9823D1BC0F00F4F50D /* Verb ChallengeTests.xctest */,
			);
			name = Products;
			sourceTree = "<group>";
		};
		B682EF8423D1BC0D00F4F50D /* Verb Challenge */ = {
			isa = PBXGroup;
			children = (
				B682EFAC23D1BE5900F4F50D /* Assets */,
				B682EFA923D1BE3B00F4F50D /* Components */,
				B682EFAA23D1BE4000F4F50D /* Extensions */,
				B69F60C523D1DEF1006A4005 /* Models */,
				B69F60C023D1D452006A4005 /* Service */,
				B682EFA823D1BE3500F4F50D /* Support Files */,
				B682EFAB23D1BE4400F4F50D /* ViewControllers */,
				B640262E23D1D2CF00F107CD /* ViewModels */,
				B650293B23D1FF8500B248B8 /* Views */,
			);
			path = "Verb Challenge";
			sourceTree = "<group>";
		};
		B682EF9B23D1BC0F00F4F50D /* Verb ChallengeTests */ = {
			isa = PBXGroup;
			children = (
				B67F730823D351D900712DCE /* FlickrMockResponse.json */,
				B682EF9E23D1BC0F00F4F50D /* Info.plist */,
				B682EF9C23D1BC0F00F4F50D /* Verb_ChallengeTests.swift */,
			);
			path = "Verb ChallengeTests";
			sourceTree = "<group>";
		};
		B682EFA823D1BE3500F4F50D /* Support Files */ = {
			isa = PBXGroup;
			children = (
				B682EF8523D1BC0D00F4F50D /* AppDelegate.swift */,
				B682EF9323D1BC0E00F4F50D /* Info.plist */,
				B682EF9023D1BC0E00F4F50D /* LaunchScreen.storyboard */,
				B682EF8723D1BC0D00F4F50D /* SceneDelegate.swift */,
			);
			path = "Support Files";
			sourceTree = "<group>";
		};
		B682EFA923D1BE3B00F4F50D /* Components */ = {
			isa = PBXGroup;
			children = (
				B640260523D1C12B00F107CD /* AppCoordinator */,
				B68F723223D33CAE003CCCC0 /* LayoutUpdaters */,
				B68F722923D3293F003CCCC0 /* NavigationController */,
				B68C70E823D223DD00579BCD /* PhotoStorage */,
				B640261E23D1C9C400F107CD /* Server */,
			);
			path = Components;
			sourceTree = "<group>";
		};
		B682EFAA23D1BE4000F4F50D /* Extensions */ = {
			isa = PBXGroup;
			children = (
				B650294823D2023500B248B8 /* CollectionView */,
				B68C70FA23D2476A00579BCD /* View */,
				B640260823D1C37500F107CD /* ViewController */,
			);
			path = Extensions;
			sourceTree = "<group>";
		};
		B682EFAB23D1BE4400F4F50D /* ViewControllers */ = {
			isa = PBXGroup;
			children = (
				B650295623D212BD00B248B8 /* PhotoDetail */,
				B682EFAD23D1BE6400F4F50D /* Home */,
			);
			path = ViewControllers;
			sourceTree = "<group>";
		};
		B682EFAC23D1BE5900F4F50D /* Assets */ = {
			isa = PBXGroup;
			children = (
				B682EF8E23D1BC0E00F4F50D /* Assets.xcassets */,
				B640261223D1C6CA00F107CD /* Localizable.strings */,
			);
			path = Assets;
			sourceTree = "<group>";
		};
		B682EFAD23D1BE6400F4F50D /* Home */ = {
			isa = PBXGroup;
			children = (
				B682EFAE23D1BEFD00F4F50D /* HomeViewController.storyboard */,
				B682EF8923D1BC0D00F4F50D /* HomeViewController.swift */,
			);
			path = Home;
			sourceTree = "<group>";
		};
		B68C70E823D223DD00579BCD /* PhotoStorage */ = {
			isa = PBXGroup;
			children = (
				B68C70E923D2240B00579BCD /* PhotoStorage.swift */,
			);
			path = PhotoStorage;
			sourceTree = "<group>";
		};
		B68C70EB23D2256200579BCD /* StorablePhoto */ = {
			isa = PBXGroup;
			children = (
				B68C70EC23D2256F00579BCD /* StorablePhoto.swift */,
			);
			path = StorablePhoto;
			sourceTree = "<group>";
		};
		B68C70F023D244FB00579BCD /* OfflineIndicator */ = {
			isa = PBXGroup;
			children = (
				B68C70F123D2451100579BCD /* OfflineIndicator.swift */,
				B68C70F323D2451700579BCD /* OfflineIndicator.xib */,
			);
			path = OfflineIndicator;
			sourceTree = "<group>";
		};
		B68C70F623D246A900579BCD /* AutoLayoutXIB */ = {
			isa = PBXGroup;
			children = (
				B68C70F723D246C900579BCD /* AutoLayoutXIB.swift */,
			);
			path = AutoLayoutXIB;
			sourceTree = "<group>";
		};
		B68C70FA23D2476A00579BCD /* View */ = {
			isa = PBXGroup;
			children = (
				B68C70FD23D2487B00579BCD /* UIView+Constraints.swift */,
				B68C70FB23D2477C00579BCD /* UIView+LoadFromNIB.swift */,
				B67F730623D348CC00712DCE /* UIView+StandardAnimations.swift */,
			);
			path = View;
			sourceTree = "<group>";
		};
		B68C710123D24C5F00579BCD /* Buttons */ = {
			isa = PBXGroup;
			children = (
				B68C710223D24C7A00579BCD /* TapFeedbackButton.swift */,
			);
			path = Buttons;
			sourceTree = "<group>";
		};
		B68F722923D3293F003CCCC0 /* NavigationController */ = {
			isa = PBXGroup;
			children = (
				B68F722A23D32953003CCCC0 /* CustomNavigationController.swift */,
			);
			path = NavigationController;
			sourceTree = "<group>";
		};
		B68F723223D33CAE003CCCC0 /* LayoutUpdaters */ = {
			isa = PBXGroup;
			children = (
				B68F723323D33CC2003CCCC0 /* Home */,
			);
			path = LayoutUpdaters;
			sourceTree = "<group>";
		};
		B68F723323D33CC2003CCCC0 /* Home */ = {
			isa = PBXGroup;
			children = (
				B68F723423D33CCA003CCCC0 /* HomeLayoutUpdater.swift */,
			);
			path = Home;
			sourceTree = "<group>";
		};
		B69F60C023D1D452006A4005 /* Service */ = {
			isa = PBXGroup;
			children = (
				B69F60C123D1D457006A4005 /* Home */,
			);
			path = Service;
			sourceTree = "<group>";
		};
		B69F60C123D1D457006A4005 /* Home */ = {
			isa = PBXGroup;
			children = (
				B69F60C223D1D45F006A4005 /* HomeService.swift */,
			);
			path = Home;
			sourceTree = "<group>";
		};
		B69F60C523D1DEF1006A4005 /* Models */ = {
			isa = PBXGroup;
			children = (
				B6676E0C23D1EA6900B36137 /* FlickrPhoto */,
				B6676E0823D1E7A200B36137 /* FlickrPhotoResponse */,
				B69F60C623D1DEF8006A4005 /* Photo */,
				B68C70EB23D2256200579BCD /* StorablePhoto */,
			);
			path = Models;
			sourceTree = "<group>";
		};
		B69F60C623D1DEF8006A4005 /* Photo */ = {
			isa = PBXGroup;
			children = (
				B69F60C723D1DF04006A4005 /* Photo.swift */,
			);
			path = Photo;
			sourceTree = "<group>";
		};
/* End PBXGroup section */

/* Begin PBXNativeTarget section */
		B682EF8123D1BC0D00F4F50D /* Verb Challenge */ = {
			isa = PBXNativeTarget;
			buildConfigurationList = B682EFA123D1BC0F00F4F50D /* Build configuration list for PBXNativeTarget "Verb Challenge" */;
			buildPhases = (
				B682EF7E23D1BC0D00F4F50D /* Sources */,
				B682EF7F23D1BC0D00F4F50D /* Frameworks */,
				B682EF8023D1BC0D00F4F50D /* Resources */,
				B682EFA723D1BD5B00F4F50D /* Run Swiftlint */,
				B640261D23D1C98400F107CD /* Embed Frameworks */,
			);
			buildRules = (
			);
			dependencies = (
			);
			name = "Verb Challenge";
			packageProductDependencies = (
				B640260C23D1C5E100F107CD /* RxSwift */,
				B640260E23D1C5E100F107CD /* RxCocoa */,
				B650295323D205E800B248B8 /* Nuke */,
				B68C70E623D2230C00579BCD /* RealmSwift */,
			);
			productName = "Verb Challenge";
			productReference = B682EF8223D1BC0D00F4F50D /* Verb Challenge.app */;
			productType = "com.apple.product-type.application";
		};
		B682EF9723D1BC0F00F4F50D /* Verb ChallengeTests */ = {
			isa = PBXNativeTarget;
			buildConfigurationList = B682EFA423D1BC0F00F4F50D /* Build configuration list for PBXNativeTarget "Verb ChallengeTests" */;
			buildPhases = (
				B682EF9423D1BC0F00F4F50D /* Sources */,
				B682EF9523D1BC0F00F4F50D /* Frameworks */,
				B682EF9623D1BC0F00F4F50D /* Resources */,
			);
			buildRules = (
			);
			dependencies = (
				B682EF9A23D1BC0F00F4F50D /* PBXTargetDependency */,
			);
			name = "Verb ChallengeTests";
			productName = "Verb ChallengeTests";
			productReference = B682EF9823D1BC0F00F4F50D /* Verb ChallengeTests.xctest */;
			productType = "com.apple.product-type.bundle.unit-test";
		};
/* End PBXNativeTarget section */

/* Begin PBXProject section */
		B682EF7A23D1BC0D00F4F50D /* Project object */ = {
			isa = PBXProject;
			attributes = {
				LastSwiftUpdateCheck = 1130;
				LastUpgradeCheck = 1130;
				ORGANIZATIONNAME = "André Silva";
				TargetAttributes = {
					B682EF8123D1BC0D00F4F50D = {
						CreatedOnToolsVersion = 11.3.1;
					};
					B682EF9723D1BC0F00F4F50D = {
						CreatedOnToolsVersion = 11.3.1;
						TestTargetID = B682EF8123D1BC0D00F4F50D;
					};
				};
			};
			buildConfigurationList = B682EF7D23D1BC0D00F4F50D /* Build configuration list for PBXProject "Verb Challenge" */;
			compatibilityVersion = "Xcode 9.3";
			developmentRegion = en;
			hasScannedForEncodings = 0;
			knownRegions = (
				en,
				Base,
			);
			mainGroup = B682EF7923D1BC0D00F4F50D;
			packageReferences = (
				B640260B23D1C5E100F107CD /* XCRemoteSwiftPackageReference "RxSwift" */,
				B650295223D205E800B248B8 /* XCRemoteSwiftPackageReference "Nuke" */,
				B68C70E523D2230C00579BCD /* XCRemoteSwiftPackageReference "realm-cocoa" */,
			);
			productRefGroup = B682EF8323D1BC0D00F4F50D /* Products */;
			projectDirPath = "";
			projectRoot = "";
			targets = (
				B682EF8123D1BC0D00F4F50D /* Verb Challenge */,
				B682EF9723D1BC0F00F4F50D /* Verb ChallengeTests */,
			);
		};
/* End PBXProject section */

/* Begin PBXResourcesBuildPhase section */
		B682EF8023D1BC0D00F4F50D /* Resources */ = {
			isa = PBXResourcesBuildPhase;
			buildActionMask = 2147483647;
			files = (
				B68C70F423D2451700579BCD /* OfflineIndicator.xib in Resources */,
				B682EFAF23D1BEFD00F4F50D /* HomeViewController.storyboard in Resources */,
				B640261323D1C6CA00F107CD /* Localizable.strings in Resources */,
				B682EF9223D1BC0E00F4F50D /* LaunchScreen.storyboard in Resources */,
				B682EF8F23D1BC0E00F4F50D /* Assets.xcassets in Resources */,
				B650294F23D204CF00B248B8 /* PhotoCell.xib in Resources */,
				B650295A23D2144800B248B8 /* PhotoDetailViewController.storyboard in Resources */,
			);
			runOnlyForDeploymentPostprocessing = 0;
		};
		B682EF9623D1BC0F00F4F50D /* Resources */ = {
			isa = PBXResourcesBuildPhase;
			buildActionMask = 2147483647;
			files = (
				B67F730923D351D900712DCE /* FlickrMockResponse.json in Resources */,
			);
			runOnlyForDeploymentPostprocessing = 0;
		};
/* End PBXResourcesBuildPhase section */

/* Begin PBXShellScriptBuildPhase section */
		B682EFA723D1BD5B00F4F50D /* Run Swiftlint */ = {
			isa = PBXShellScriptBuildPhase;
			buildActionMask = 2147483647;
			files = (
			);
			inputFileListPaths = (
			);
			inputPaths = (
			);
			name = "Run Swiftlint";
			outputFileListPaths = (
			);
			outputPaths = (
			);
			runOnlyForDeploymentPostprocessing = 0;
			shellPath = /bin/sh;
			shellScript = "# Type a script or drag a script file from your workspace to insert its path.\nif which swiftlint >/dev/null; then\n  swiftlint\nelse\n  echo \"warning: SwiftLint not installed, download from https://github.com/realm/SwiftLint\"\nfi\n";
		};
/* End PBXShellScriptBuildPhase section */

/* Begin PBXSourcesBuildPhase section */
		B682EF7E23D1BC0D00F4F50D /* Sources */ = {
			isa = PBXSourcesBuildPhase;
			buildActionMask = 2147483647;
			files = (
				B69F60C823D1DF04006A4005 /* Photo.swift in Sources */,
				B640262323D1CA0000F107CD /* NetworkLayer.swift in Sources */,
				B640260723D1C13500F107CD /* AppCoordinator.swift in Sources */,
				B640262C23D1CCA100F107CD /* Flickr.swift in Sources */,
				B640263123D1D2E500F107CD /* HomeViewModel.swift in Sources */,
				B68C70EA23D2240B00579BCD /* PhotoStorage.swift in Sources */,
				B682EF8A23D1BC0D00F4F50D /* HomeViewController.swift in Sources */,
				B68C70FE23D2487B00579BCD /* UIView+Constraints.swift in Sources */,
				B640262723D1CA1600F107CD /* ServerRequestMaker.swift in Sources */,
				B67F730723D348CC00712DCE /* UIView+StandardAnimations.swift in Sources */,
				B650295823D212C900B248B8 /* PhotoDetailViewController.swift in Sources */,
				B68C70ED23D2256F00579BCD /* StorablePhoto.swift in Sources */,
				B682EF8623D1BC0D00F4F50D /* AppDelegate.swift in Sources */,
				B68F722B23D32953003CCCC0 /* CustomNavigationController.swift in Sources */,
				B640260A23D1C38900F107CD /* UIViewController+StoryboardInstantiation.swift in Sources */,
				B68C70FC23D2477C00579BCD /* UIView+LoadFromNIB.swift in Sources */,
				B650294E23D204CF00B248B8 /* PhotoCell.swift in Sources */,
				B650294723D2019E00B248B8 /* BaseCell.swift in Sources */,
				B69F60C323D1D45F006A4005 /* HomeService.swift in Sources */,
				B682EF8823D1BC0D00F4F50D /* SceneDelegate.swift in Sources */,
				B650294A23D2025400B248B8 /* UICollectionView+CellReuse.swift in Sources */,
				B6676E0E23D1EA7800B36137 /* FlickrPhoto.swift in Sources */,
				B68C710323D24C7A00579BCD /* TapFeedbackButton.swift in Sources */,
				B68F723523D33CCA003CCCC0 /* HomeLayoutUpdater.swift in Sources */,
				B650295D23D2155300B248B8 /* PhotoDetailViewModel.swift in Sources */,
				B68C70F823D246C900579BCD /* AutoLayoutXIB.swift in Sources */,
				B6676E0A23D1E7AF00B36137 /* FlickrPhotoResponse.swift in Sources */,
				B640262523D1CA0E00F107CD /* ServerRequestConfig.swift in Sources */,
				B68C70F223D2451100579BCD /* OfflineIndicator.swift in Sources */,
			);
			runOnlyForDeploymentPostprocessing = 0;
		};
		B682EF9423D1BC0F00F4F50D /* Sources */ = {
			isa = PBXSourcesBuildPhase;
			buildActionMask = 2147483647;
			files = (
				B682EF9D23D1BC0F00F4F50D /* Verb_ChallengeTests.swift in Sources */,
			);
			runOnlyForDeploymentPostprocessing = 0;
		};
/* End PBXSourcesBuildPhase section */

/* Begin PBXTargetDependency section */
		B682EF9A23D1BC0F00F4F50D /* PBXTargetDependency */ = {
			isa = PBXTargetDependency;
			target = B682EF8123D1BC0D00F4F50D /* Verb Challenge */;
			targetProxy = B682EF9923D1BC0F00F4F50D /* PBXContainerItemProxy */;
		};
/* End PBXTargetDependency section */

/* Begin PBXVariantGroup section */
		B682EF9023D1BC0E00F4F50D /* LaunchScreen.storyboard */ = {
			isa = PBXVariantGroup;
			children = (
				B682EF9123D1BC0E00F4F50D /* Base */,
			);
			name = LaunchScreen.storyboard;
			sourceTree = "<group>";
		};
/* End PBXVariantGroup section */

/* Begin XCBuildConfiguration section */
		B682EF9F23D1BC0F00F4F50D /* Debug */ = {
			isa = XCBuildConfiguration;
			buildSettings = {
				ALWAYS_SEARCH_USER_PATHS = NO;
				CLANG_ANALYZER_NONNULL = YES;
				CLANG_ANALYZER_NUMBER_OBJECT_CONVERSION = YES_AGGRESSIVE;
				CLANG_CXX_LANGUAGE_STANDARD = "gnu++14";
				CLANG_CXX_LIBRARY = "libc++";
				CLANG_ENABLE_MODULES = YES;
				CLANG_ENABLE_OBJC_ARC = YES;
				CLANG_ENABLE_OBJC_WEAK = YES;
				CLANG_WARN_BLOCK_CAPTURE_AUTORELEASING = YES;
				CLANG_WARN_BOOL_CONVERSION = YES;
				CLANG_WARN_COMMA = YES;
				CLANG_WARN_CONSTANT_CONVERSION = YES;
				CLANG_WARN_DEPRECATED_OBJC_IMPLEMENTATIONS = YES;
				CLANG_WARN_DIRECT_OBJC_ISA_USAGE = YES_ERROR;
				CLANG_WARN_DOCUMENTATION_COMMENTS = YES;
				CLANG_WARN_EMPTY_BODY = YES;
				CLANG_WARN_ENUM_CONVERSION = YES;
				CLANG_WARN_INFINITE_RECURSION = YES;
				CLANG_WARN_INT_CONVERSION = YES;
				CLANG_WARN_NON_LITERAL_NULL_CONVERSION = YES;
				CLANG_WARN_OBJC_IMPLICIT_RETAIN_SELF = YES;
				CLANG_WARN_OBJC_LITERAL_CONVERSION = YES;
				CLANG_WARN_OBJC_ROOT_CLASS = YES_ERROR;
				CLANG_WARN_RANGE_LOOP_ANALYSIS = YES;
				CLANG_WARN_STRICT_PROTOTYPES = YES;
				CLANG_WARN_SUSPICIOUS_MOVE = YES;
				CLANG_WARN_UNGUARDED_AVAILABILITY = YES_AGGRESSIVE;
				CLANG_WARN_UNREACHABLE_CODE = YES;
				CLANG_WARN__DUPLICATE_METHOD_MATCH = YES;
				COPY_PHASE_STRIP = NO;
				DEBUG_INFORMATION_FORMAT = dwarf;
				ENABLE_STRICT_OBJC_MSGSEND = YES;
				ENABLE_TESTABILITY = YES;
				GCC_C_LANGUAGE_STANDARD = gnu11;
				GCC_DYNAMIC_NO_PIC = NO;
				GCC_NO_COMMON_BLOCKS = YES;
				GCC_OPTIMIZATION_LEVEL = 0;
				GCC_PREPROCESSOR_DEFINITIONS = (
					"DEBUG=1",
					"$(inherited)",
				);
				GCC_WARN_64_TO_32_BIT_CONVERSION = YES;
				GCC_WARN_ABOUT_RETURN_TYPE = YES_ERROR;
				GCC_WARN_UNDECLARED_SELECTOR = YES;
				GCC_WARN_UNINITIALIZED_AUTOS = YES_AGGRESSIVE;
				GCC_WARN_UNUSED_FUNCTION = YES;
				GCC_WARN_UNUSED_VARIABLE = YES;
				IPHONEOS_DEPLOYMENT_TARGET = 13.2;
				MTL_ENABLE_DEBUG_INFO = INCLUDE_SOURCE;
				MTL_FAST_MATH = YES;
				ONLY_ACTIVE_ARCH = YES;
				SDKROOT = iphoneos;
				SWIFT_ACTIVE_COMPILATION_CONDITIONS = DEBUG;
				SWIFT_OPTIMIZATION_LEVEL = "-Onone";
			};
			name = Debug;
		};
		B682EFA023D1BC0F00F4F50D /* Release */ = {
			isa = XCBuildConfiguration;
			buildSettings = {
				ALWAYS_SEARCH_USER_PATHS = NO;
				CLANG_ANALYZER_NONNULL = YES;
				CLANG_ANALYZER_NUMBER_OBJECT_CONVERSION = YES_AGGRESSIVE;
				CLANG_CXX_LANGUAGE_STANDARD = "gnu++14";
				CLANG_CXX_LIBRARY = "libc++";
				CLANG_ENABLE_MODULES = YES;
				CLANG_ENABLE_OBJC_ARC = YES;
				CLANG_ENABLE_OBJC_WEAK = YES;
				CLANG_WARN_BLOCK_CAPTURE_AUTORELEASING = YES;
				CLANG_WARN_BOOL_CONVERSION = YES;
				CLANG_WARN_COMMA = YES;
				CLANG_WARN_CONSTANT_CONVERSION = YES;
				CLANG_WARN_DEPRECATED_OBJC_IMPLEMENTATIONS = YES;
				CLANG_WARN_DIRECT_OBJC_ISA_USAGE = YES_ERROR;
				CLANG_WARN_DOCUMENTATION_COMMENTS = YES;
				CLANG_WARN_EMPTY_BODY = YES;
				CLANG_WARN_ENUM_CONVERSION = YES;
				CLANG_WARN_INFINITE_RECURSION = YES;
				CLANG_WARN_INT_CONVERSION = YES;
				CLANG_WARN_NON_LITERAL_NULL_CONVERSION = YES;
				CLANG_WARN_OBJC_IMPLICIT_RETAIN_SELF = YES;
				CLANG_WARN_OBJC_LITERAL_CONVERSION = YES;
				CLANG_WARN_OBJC_ROOT_CLASS = YES_ERROR;
				CLANG_WARN_RANGE_LOOP_ANALYSIS = YES;
				CLANG_WARN_STRICT_PROTOTYPES = YES;
				CLANG_WARN_SUSPICIOUS_MOVE = YES;
				CLANG_WARN_UNGUARDED_AVAILABILITY = YES_AGGRESSIVE;
				CLANG_WARN_UNREACHABLE_CODE = YES;
				CLANG_WARN__DUPLICATE_METHOD_MATCH = YES;
				COPY_PHASE_STRIP = NO;
				DEBUG_INFORMATION_FORMAT = "dwarf-with-dsym";
				ENABLE_NS_ASSERTIONS = NO;
				ENABLE_STRICT_OBJC_MSGSEND = YES;
				GCC_C_LANGUAGE_STANDARD = gnu11;
				GCC_NO_COMMON_BLOCKS = YES;
				GCC_WARN_64_TO_32_BIT_CONVERSION = YES;
				GCC_WARN_ABOUT_RETURN_TYPE = YES_ERROR;
				GCC_WARN_UNDECLARED_SELECTOR = YES;
				GCC_WARN_UNINITIALIZED_AUTOS = YES_AGGRESSIVE;
				GCC_WARN_UNUSED_FUNCTION = YES;
				GCC_WARN_UNUSED_VARIABLE = YES;
				IPHONEOS_DEPLOYMENT_TARGET = 13.2;
				MTL_ENABLE_DEBUG_INFO = NO;
				MTL_FAST_MATH = YES;
				SDKROOT = iphoneos;
				SWIFT_COMPILATION_MODE = wholemodule;
				SWIFT_OPTIMIZATION_LEVEL = "-O";
				VALIDATE_PRODUCT = YES;
			};
			name = Release;
		};
		B682EFA223D1BC0F00F4F50D /* Debug */ = {
			isa = XCBuildConfiguration;
			buildSettings = {
				ASSETCATALOG_COMPILER_APPICON_NAME = AppIcon;
				CODE_SIGN_STYLE = Automatic;
				DEVELOPMENT_TEAM = U57454R4FC;
				FRAMEWORK_SEARCH_PATHS = (
					"$(inherited)",
					"$(PROJECT_DIR)/Carthage/Build/iOS",
				);
				INFOPLIST_FILE = "Verb Challenge/Support Files/Info.plist";
				LD_RUNPATH_SEARCH_PATHS = (
					"$(inherited)",
					"@executable_path/Frameworks",
				);
				PRODUCT_BUNDLE_IDENTIFIER = "com.asilva.Verb-Challenge";
				PRODUCT_NAME = "$(TARGET_NAME)";
				SWIFT_VERSION = 5.0;
				TARGETED_DEVICE_FAMILY = 1;
			};
			name = Debug;
		};
		B682EFA323D1BC0F00F4F50D /* Release */ = {
			isa = XCBuildConfiguration;
			buildSettings = {
				ASSETCATALOG_COMPILER_APPICON_NAME = AppIcon;
				CODE_SIGN_STYLE = Automatic;
				DEVELOPMENT_TEAM = U57454R4FC;
				FRAMEWORK_SEARCH_PATHS = (
					"$(inherited)",
					"$(PROJECT_DIR)/Carthage/Build/iOS",
				);
				INFOPLIST_FILE = "Verb Challenge/Support Files/Info.plist";
				LD_RUNPATH_SEARCH_PATHS = (
					"$(inherited)",
					"@executable_path/Frameworks",
				);
				PRODUCT_BUNDLE_IDENTIFIER = "com.asilva.Verb-Challenge";
				PRODUCT_NAME = "$(TARGET_NAME)";
				SWIFT_VERSION = 5.0;
				TARGETED_DEVICE_FAMILY = 1;
			};
			name = Release;
		};
		B682EFA523D1BC0F00F4F50D /* Debug */ = {
			isa = XCBuildConfiguration;
			buildSettings = {
				ALWAYS_EMBED_SWIFT_STANDARD_LIBRARIES = YES;
				BUNDLE_LOADER = "$(TEST_HOST)";
				CODE_SIGN_STYLE = Automatic;
				DEVELOPMENT_TEAM = U57454R4FC;
				INFOPLIST_FILE = "Verb ChallengeTests/Info.plist";
				IPHONEOS_DEPLOYMENT_TARGET = 13.2;
				LD_RUNPATH_SEARCH_PATHS = (
					"$(inherited)",
					"@executable_path/Frameworks",
					"@loader_path/Frameworks",
				);
				PRODUCT_BUNDLE_IDENTIFIER = "com.asilva.Verb-ChallengeTests";
				PRODUCT_NAME = "$(TARGET_NAME)";
				SWIFT_VERSION = 5.0;
				TARGETED_DEVICE_FAMILY = "1,2";
				TEST_HOST = "$(BUILT_PRODUCTS_DIR)/Verb Challenge.app/Verb Challenge";
			};
			name = Debug;
		};
		B682EFA623D1BC0F00F4F50D /* Release */ = {
			isa = XCBuildConfiguration;
			buildSettings = {
				ALWAYS_EMBED_SWIFT_STANDARD_LIBRARIES = YES;
				BUNDLE_LOADER = "$(TEST_HOST)";
				CODE_SIGN_STYLE = Automatic;
				DEVELOPMENT_TEAM = U57454R4FC;
				INFOPLIST_FILE = "Verb ChallengeTests/Info.plist";
				IPHONEOS_DEPLOYMENT_TARGET = 13.2;
				LD_RUNPATH_SEARCH_PATHS = (
					"$(inherited)",
					"@executable_path/Frameworks",
					"@loader_path/Frameworks",
				);
				PRODUCT_BUNDLE_IDENTIFIER = "com.asilva.Verb-ChallengeTests";
				PRODUCT_NAME = "$(TARGET_NAME)";
				SWIFT_VERSION = 5.0;
				TARGETED_DEVICE_FAMILY = "1,2";
				TEST_HOST = "$(BUILT_PRODUCTS_DIR)/Verb Challenge.app/Verb Challenge";
			};
			name = Release;
		};
/* End XCBuildConfiguration section */

/* Begin XCConfigurationList section */
		B682EF7D23D1BC0D00F4F50D /* Build configuration list for PBXProject "Verb Challenge" */ = {
			isa = XCConfigurationList;
			buildConfigurations = (
				B682EF9F23D1BC0F00F4F50D /* Debug */,
				B682EFA023D1BC0F00F4F50D /* Release */,
			);
			defaultConfigurationIsVisible = 0;
			defaultConfigurationName = Release;
		};
		B682EFA123D1BC0F00F4F50D /* Build configuration list for PBXNativeTarget "Verb Challenge" */ = {
			isa = XCConfigurationList;
			buildConfigurations = (
				B682EFA223D1BC0F00F4F50D /* Debug */,
				B682EFA323D1BC0F00F4F50D /* Release */,
			);
			defaultConfigurationIsVisible = 0;
			defaultConfigurationName = Release;
		};
		B682EFA423D1BC0F00F4F50D /* Build configuration list for PBXNativeTarget "Verb ChallengeTests" */ = {
			isa = XCConfigurationList;
			buildConfigurations = (
				B682EFA523D1BC0F00F4F50D /* Debug */,
				B682EFA623D1BC0F00F4F50D /* Release */,
			);
			defaultConfigurationIsVisible = 0;
			defaultConfigurationName = Release;
		};
/* End XCConfigurationList section */

/* Begin XCRemoteSwiftPackageReference section */
		B640260B23D1C5E100F107CD /* XCRemoteSwiftPackageReference "RxSwift" */ = {
			isa = XCRemoteSwiftPackageReference;
			repositoryURL = "https://github.com/ReactiveX/RxSwift";
			requirement = {
				kind = upToNextMajorVersion;
				minimumVersion = 5.0.1;
			};
		};
		B650295223D205E800B248B8 /* XCRemoteSwiftPackageReference "Nuke" */ = {
			isa = XCRemoteSwiftPackageReference;
			repositoryURL = "https://github.com/kean/Nuke";
			requirement = {
				kind = upToNextMajorVersion;
				minimumVersion = 8.4.0;
			};
		};
		B68C70E523D2230C00579BCD /* XCRemoteSwiftPackageReference "realm-cocoa" */ = {
			isa = XCRemoteSwiftPackageReference;
			repositoryURL = "https://github.com/realm/realm-cocoa";
			requirement = {
				kind = upToNextMajorVersion;
				minimumVersion = 4.3.1;
			};
		};
/* End XCRemoteSwiftPackageReference section */

/* Begin XCSwiftPackageProductDependency section */
		B640260C23D1C5E100F107CD /* RxSwift */ = {
			isa = XCSwiftPackageProductDependency;
			package = B640260B23D1C5E100F107CD /* XCRemoteSwiftPackageReference "RxSwift" */;
			productName = RxSwift;
		};
		B640260E23D1C5E100F107CD /* RxCocoa */ = {
			isa = XCSwiftPackageProductDependency;
			package = B640260B23D1C5E100F107CD /* XCRemoteSwiftPackageReference "RxSwift" */;
			productName = RxCocoa;
		};
		B650295323D205E800B248B8 /* Nuke */ = {
			isa = XCSwiftPackageProductDependency;
			package = B650295223D205E800B248B8 /* XCRemoteSwiftPackageReference "Nuke" */;
			productName = Nuke;
		};
		B68C70E623D2230C00579BCD /* RealmSwift */ = {
			isa = XCSwiftPackageProductDependency;
			package = B68C70E523D2230C00579BCD /* XCRemoteSwiftPackageReference "realm-cocoa" */;
			productName = RealmSwift;
		};
/* End XCSwiftPackageProductDependency section */
	};
	rootObject = B682EF7A23D1BC0D00F4F50D /* Project object */;
}
